// !$*UTF8*$!
{
	archiveVersion = 1;
	classes = {
	};
	objectVersion = 51;
	objects = {

/* Begin PBXBuildFile section */
		3A583AC0D7623BB2E98A6840 /* Pods_TravelCost.framework in Frameworks */ = {isa = PBXBuildFile; fileRef = 5FE8DAF42F433C232F6714AC /* Pods_TravelCost.framework */; };
		A9CBE18C22B67199009A2B5E /* AppDelegate.swift in Sources */ = {isa = PBXBuildFile; fileRef = A9CBE18B22B67199009A2B5E /* AppDelegate.swift */; };
		A9CBE18E22B67199009A2B5E /* ViewController.swift in Sources */ = {isa = PBXBuildFile; fileRef = A9CBE18D22B67199009A2B5E /* ViewController.swift */; };
		A9CBE19122B67199009A2B5E /* Main.storyboard in Resources */ = {isa = PBXBuildFile; fileRef = A9CBE18F22B67199009A2B5E /* Main.storyboard */; };
		A9CBE19322B6719A009A2B5E /* Assets.xcassets in Resources */ = {isa = PBXBuildFile; fileRef = A9CBE19222B6719A009A2B5E /* Assets.xcassets */; };
		A9CBE19622B6719A009A2B5E /* LaunchScreen.storyboard in Resources */ = {isa = PBXBuildFile; fileRef = A9CBE19422B6719A009A2B5E /* LaunchScreen.storyboard */; };
/* End PBXBuildFile section */

/* Begin PBXFileReference section */
		5FE8DAF42F433C232F6714AC /* Pods_TravelCost.framework */ = {isa = PBXFileReference; explicitFileType = wrapper.framework; includeInIndex = 0; path = Pods_TravelCost.framework; sourceTree = BUILT_PRODUCTS_DIR; };
		6B624D2F2DA2EFA8736DB82E /* Pods-TravelCost.debug.xcconfig */ = {isa = PBXFileReference; includeInIndex = 1; lastKnownFileType = text.xcconfig; name = "Pods-TravelCost.debug.xcconfig"; path = "Target Support Files/Pods-TravelCost/Pods-TravelCost.debug.xcconfig"; sourceTree = "<group>"; };
		A22FE91A5FDD49DDFDEE074C /* Pods-TravelCost.release.xcconfig */ = {isa = PBXFileReference; includeInIndex = 1; lastKnownFileType = text.xcconfig; name = "Pods-TravelCost.release.xcconfig"; path = "Target Support Files/Pods-TravelCost/Pods-TravelCost.release.xcconfig"; sourceTree = "<group>"; };
		A9CBE18822B67199009A2B5E /* TravelCost.app */ = {isa = PBXFileReference; explicitFileType = wrapper.application; includeInIndex = 0; path = TravelCost.app; sourceTree = BUILT_PRODUCTS_DIR; };
		A9CBE18B22B67199009A2B5E /* AppDelegate.swift */ = {isa = PBXFileReference; lastKnownFileType = sourcecode.swift; path = AppDelegate.swift; sourceTree = "<group>"; };
		A9CBE18D22B67199009A2B5E /* ViewController.swift */ = {isa = PBXFileReference; lastKnownFileType = sourcecode.swift; path = ViewController.swift; sourceTree = "<group>"; };
		A9CBE19022B67199009A2B5E /* Base */ = {isa = PBXFileReference; lastKnownFileType = file.storyboard; name = Base; path = Base.lproj/Main.storyboard; sourceTree = "<group>"; };
		A9CBE19222B6719A009A2B5E /* Assets.xcassets */ = {isa = PBXFileReference; lastKnownFileType = folder.assetcatalog; path = Assets.xcassets; sourceTree = "<group>"; };
		A9CBE19522B6719A009A2B5E /* Base */ = {isa = PBXFileReference; lastKnownFileType = file.storyboard; name = Base; path = Base.lproj/LaunchScreen.storyboard; sourceTree = "<group>"; };
		A9CBE19722B6719A009A2B5E /* Info.plist */ = {isa = PBXFileReference; lastKnownFileType = text.plist.xml; path = Info.plist; sourceTree = "<group>"; };
/* End PBXFileReference section */

/* Begin PBXFrameworksBuildPhase section */
		A9CBE18522B67199009A2B5E /* Frameworks */ = {
			isa = PBXFrameworksBuildPhase;
			buildActionMask = 2147483647;
			files = (
				3A583AC0D7623BB2E98A6840 /* Pods_TravelCost.framework in Frameworks */,
			);
			runOnlyForDeploymentPostprocessing = 0;
		};
/* End PBXFrameworksBuildPhase section */

/* Begin PBXGroup section */
		2A32E182041C7AFAAA65A773 /* Pods */ = {
			isa = PBXGroup;
			children = (
				6B624D2F2DA2EFA8736DB82E /* Pods-TravelCost.debug.xcconfig */,
				A22FE91A5FDD49DDFDEE074C /* Pods-TravelCost.release.xcconfig */,
			);
			path = Pods;
			sourceTree = "<group>";
		};
		3052558572DBDA3FAAFF7033 /* Frameworks */ = {
			isa = PBXGroup;
			children = (
				5FE8DAF42F433C232F6714AC /* Pods_TravelCost.framework */,
			);
			name = Frameworks;
			sourceTree = "<group>";
		};
		A9CBE17F22B67199009A2B5E = {
			isa = PBXGroup;
			children = (
				A9CBE18A22B67199009A2B5E /* TravelCost */,
				A9CBE18922B67199009A2B5E /* Products */,
				2A32E182041C7AFAAA65A773 /* Pods */,
				3052558572DBDA3FAAFF7033 /* Frameworks */,
			);
			sourceTree = "<group>";
		};
		A9CBE18922B67199009A2B5E /* Products */ = {
			isa = PBXGroup;
			children = (
				A9CBE18822B67199009A2B5E /* TravelCost.app */,
			);
			name = Products;
			sourceTree = "<group>";
		};
		A9CBE18A22B67199009A2B5E /* TravelCost */ = {
			isa = PBXGroup;
			children = (
				A9CBE18B22B67199009A2B5E /* AppDelegate.swift */,
				A9CBE18D22B67199009A2B5E /* ViewController.swift */,
				A9CBE18F22B67199009A2B5E /* Main.storyboard */,
				A9CBE19222B6719A009A2B5E /* Assets.xcassets */,
				A9CBE19422B6719A009A2B5E /* LaunchScreen.storyboard */,
				A9CBE19722B6719A009A2B5E /* Info.plist */,
			);
			path = TravelCost;
			sourceTree = "<group>";
		};
/* End PBXGroup section */

/* Begin PBXNativeTarget section */
		A9CBE18722B67199009A2B5E /* TravelCost */ = {
			isa = PBXNativeTarget;
			buildConfigurationList = A9CBE19A22B6719A009A2B5E /* Build configuration list for PBXNativeTarget "TravelCost" */;
			buildPhases = (
				842E6E2170B3496D4AEC1567 /* [CP] Check Pods Manifest.lock */,
				A9CBE18422B67199009A2B5E /* Sources */,
				A9CBE18522B67199009A2B5E /* Frameworks */,
				A9CBE18622B67199009A2B5E /* Resources */,
				D6B7994250229B5EEB44DF80 /* [CP] Embed Pods Frameworks */,
			);
			buildRules = (
			);
			dependencies = (
			);
			name = TravelCost;
			productName = TravelCost;
			productReference = A9CBE18822B67199009A2B5E /* TravelCost.app */;
			productType = "com.apple.product-type.application";
		};
/* End PBXNativeTarget section */

/* Begin PBXProject section */
		A9CBE18022B67199009A2B5E /* Project object */ = {
			isa = PBXProject;
			attributes = {
				LastSwiftUpdateCheck = 1020;
				LastUpgradeCheck = 1020;
				ORGANIZATIONNAME = Marco;
				TargetAttributes = {
					A9CBE18722B67199009A2B5E = {
						CreatedOnToolsVersion = 10.2.1;
						SystemCapabilities = {
							com.apple.Maps.iOS = {
								enabled = 0;
							};
						};
					};
				};
			};
			buildConfigurationList = A9CBE18322B67199009A2B5E /* Build configuration list for PBXProject "TravelCost" */;
			compatibilityVersion = "Xcode 9.3";
			developmentRegion = en;
			hasScannedForEncodings = 0;
			knownRegions = (
				en,
				Base,
			);
			mainGroup = A9CBE17F22B67199009A2B5E;
			productRefGroup = A9CBE18922B67199009A2B5E /* Products */;
			projectDirPath = "";
			projectRoot = "";
			targets = (
				A9CBE18722B67199009A2B5E /* TravelCost */,
			);
		};
/* End PBXProject section */

/* Begin PBXResourcesBuildPhase section */
		A9CBE18622B67199009A2B5E /* Resources */ = {
			isa = PBXResourcesBuildPhase;
			buildActionMask = 2147483647;
			files = (
				A9CBE19622B6719A009A2B5E /* LaunchScreen.storyboard in Resources */,
				A9CBE19322B6719A009A2B5E /* Assets.xcassets in Resources */,
				A9CBE19122B67199009A2B5E /* Main.storyboard in Resources */,
			);
			runOnlyForDeploymentPostprocessing = 0;
		};
/* End PBXResourcesBuildPhase section */

/* Begin PBXShellScriptBuildPhase section */
		842E6E2170B3496D4AEC1567 /* [CP] Check Pods Manifest.lock */ = {
			isa = PBXShellScriptBuildPhase;
			buildActionMask = 2147483647;
			files = (
			);
			inputFileListPaths = (
			);
			inputPaths = (
				"${PODS_PODFILE_DIR_PATH}/Podfile.lock",
				"${PODS_ROOT}/Manifest.lock",
			);
			name = "[CP] Check Pods Manifest.lock";
			outputFileListPaths = (
			);
			outputPaths = (
				"$(DERIVED_FILE_DIR)/Pods-TravelCost-checkManifestLockResult.txt",
			);
			runOnlyForDeploymentPostprocessing = 0;
			shellPath = /bin/sh;
			shellScript = "diff \"${PODS_PODFILE_DIR_PATH}/Podfile.lock\" \"${PODS_ROOT}/Manifest.lock\" > /dev/null\nif [ $? != 0 ] ; then\n    # print error to STDERR\n    echo \"error: The sandbox is not in sync with the Podfile.lock. Run 'pod install' or update your CocoaPods installation.\" >&2\n    exit 1\nfi\n# This output is used by Xcode 'outputs' to avoid re-running this script phase.\necho \"SUCCESS\" > \"${SCRIPT_OUTPUT_FILE_0}\"\n";
			showEnvVarsInLog = 0;
		};
		D6B7994250229B5EEB44DF80 /* [CP] Embed Pods Frameworks */ = {
			isa = PBXShellScriptBuildPhase;
			buildActionMask = 2147483647;
			files = (
			);
			inputFileListPaths = (
				"${PODS_ROOT}/Target Support Files/Pods-TravelCost/Pods-TravelCost-frameworks-${CONFIGURATION}-input-files.xcfilelist",
			);
			name = "[CP] Embed Pods Frameworks";
			outputFileListPaths = (
				"${PODS_ROOT}/Target Support Files/Pods-TravelCost/Pods-TravelCost-frameworks-${CONFIGURATION}-output-files.xcfilelist",
			);
			runOnlyForDeploymentPostprocessing = 0;
			shellPath = /bin/sh;
			shellScript = "\"${PODS_ROOT}/Target Support Files/Pods-TravelCost/Pods-TravelCost-frameworks.sh\"\n";
			showEnvVarsInLog = 0;
		};
/* End PBXShellScriptBuildPhase section */

/* Begin PBXSourcesBuildPhase section */
		A9CBE18422B67199009A2B5E /* Sources */ = {
			isa = PBXSourcesBuildPhase;
			buildActionMask = 2147483647;
			files = (
				A9CBE18E22B67199009A2B5E /* ViewController.swift in Sources */,
				A9CBE18C22B67199009A2B5E /* AppDelegate.swift in Sources */,
			);
			runOnlyForDeploymentPostprocessing = 0;
		};
/* End PBXSourcesBuildPhase section */

/* Begin PBXVariantGroup section */
		A9CBE18F22B67199009A2B5E /* Main.storyboard */ = {
			isa = PBXVariantGroup;
			children = (
				A9CBE19022B67199009A2B5E /* Base */,
			);
			name = Main.storyboard;
			sourceTree = "<group>";
		};
		A9CBE19422B6719A009A2B5E /* LaunchScreen.storyboard */ = {
			isa = PBXVariantGroup;
			children = (
				A9CBE19522B6719A009A2B5E /* Base */,
			);
			name = LaunchScreen.storyboard;
			sourceTree = "<group>";
		};
/* End PBXVariantGroup section */

/* Begin XCBuildConfiguration section */
		A9CBE19822B6719A009A2B5E /* Debug */ = {
			isa = XCBuildConfiguration;
			buildSettings = {
				ALWAYS_SEARCH_USER_PATHS = NO;
				CLANG_ANALYZER_NONNULL = YES;
				CLANG_ANALYZER_NUMBER_OBJECT_CONVERSION = YES_AGGRESSIVE;
				CLANG_CXX_LANGUAGE_STANDARD = "gnu++14";
				CLANG_CXX_LIBRARY = "libc++";
				CLANG_ENABLE_MODULES = YES;
				CLANG_ENABLE_OBJC_ARC = YES;
				CLANG_ENABLE_OBJC_WEAK = YES;
				CLANG_WARN_BLOCK_CAPTURE_AUTORELEASING = YES;
				CLANG_WARN_BOOL_CONVERSION = YES;
				CLANG_WARN_COMMA = YES;
				CLANG_WARN_CONSTANT_CONVERSION = YES;
				CLANG_WARN_DEPRECATED_OBJC_IMPLEMENTATIONS = YES;
				CLANG_WARN_DIRECT_OBJC_ISA_USAGE = YES_ERROR;
				CLANG_WARN_DOCUMENTATION_COMMENTS = YES;
				CLANG_WARN_EMPTY_BODY = YES;
				CLANG_WARN_ENUM_CONVERSION = YES;
				CLANG_WARN_INFINITE_RECURSION = YES;
				CLANG_WARN_INT_CONVERSION = YES;
				CLANG_WARN_NON_LITERAL_NULL_CONVERSION = YES;
				CLANG_WARN_OBJC_IMPLICIT_RETAIN_SELF = YES;
				CLANG_WARN_OBJC_LITERAL_CONVERSION = YES;
				CLANG_WARN_OBJC_ROOT_CLASS = YES_ERROR;
				CLANG_WARN_RANGE_LOOP_ANALYSIS = YES;
				CLANG_WARN_STRICT_PROTOTYPES = YES;
				CLANG_WARN_SUSPICIOUS_MOVE = YES;
				CLANG_WARN_UNGUARDED_AVAILABILITY = YES_AGGRESSIVE;
				CLANG_WARN_UNREACHABLE_CODE = YES;
				CLANG_WARN__DUPLICATE_METHOD_MATCH = YES;
				CODE_SIGN_IDENTITY = "iPhone Developer";
				COPY_PHASE_STRIP = NO;
				DEBUG_INFORMATION_FORMAT = dwarf;
				ENABLE_STRICT_OBJC_MSGSEND = YES;
				ENABLE_TESTABILITY = YES;
				GCC_C_LANGUAGE_STANDARD = gnu11;
				GCC_DYNAMIC_NO_PIC = NO;
				GCC_NO_COMMON_BLOCKS = YES;
				GCC_OPTIMIZATION_LEVEL = 0;
				GCC_PREPROCESSOR_DEFINITIONS = (
					"DEBUG=1",
					"$(inherited)",
				);
				GCC_WARN_64_TO_32_BIT_CONVERSION = YES;
				GCC_WARN_ABOUT_RETURN_TYPE = YES_ERROR;
				GCC_WARN_UNDECLARED_SELECTOR = YES;
				GCC_WARN_UNINITIALIZED_AUTOS = YES_AGGRESSIVE;
				GCC_WARN_UNUSED_FUNCTION = YES;
				GCC_WARN_UNUSED_VARIABLE = YES;
				IPHONEOS_DEPLOYMENT_TARGET = 12.2;
				MTL_ENABLE_DEBUG_INFO = INCLUDE_SOURCE;
				MTL_FAST_MATH = YES;
				ONLY_ACTIVE_ARCH = YES;
				SDKROOT = iphoneos;
				SWIFT_ACTIVE_COMPILATION_CONDITIONS = DEBUG;
				SWIFT_OPTIMIZATION_LEVEL = "-Onone";
			};
			name = Debug;
		};
		A9CBE19922B6719A009A2B5E /* Release */ = {
			isa = XCBuildConfiguration;
			buildSettings = {
				ALWAYS_SEARCH_USER_PATHS = NO;
				CLANG_ANALYZER_NONNULL = YES;
				CLANG_ANALYZER_NUMBER_OBJECT_CONVERSION = YES_AGGRESSIVE;
				CLANG_CXX_LANGUAGE_STANDARD = "gnu++14";
				CLANG_CXX_LIBRARY = "libc++";
				CLANG_ENABLE_MODULES = YES;
				CLANG_ENABLE_OBJC_ARC = YES;
				CLANG_ENABLE_OBJC_WEAK = YES;
				CLANG_WARN_BLOCK_CAPTURE_AUTORELEASING = YES;
				CLANG_WARN_BOOL_CONVERSION = YES;
				CLANG_WARN_COMMA = YES;
				CLANG_WARN_CONSTANT_CONVERSION = YES;
				CLANG_WARN_DEPRECATED_OBJC_IMPLEMENTATIONS = YES;
				CLANG_WARN_DIRECT_OBJC_ISA_USAGE = YES_ERROR;
				CLANG_WARN_DOCUMENTATION_COMMENTS = YES;
				CLANG_WARN_EMPTY_BODY = YES;
				CLANG_WARN_ENUM_CONVERSION = YES;
				CLANG_WARN_INFINITE_RECURSION = YES;
				CLANG_WARN_INT_CONVERSION = YES;
				CLANG_WARN_NON_LITERAL_NULL_CONVERSION = YES;
				CLANG_WARN_OBJC_IMPLICIT_RETAIN_SELF = YES;
				CLANG_WARN_OBJC_LITERAL_CONVERSION = YES;
				CLANG_WARN_OBJC_ROOT_CLASS = YES_ERROR;
				CLANG_WARN_RANGE_LOOP_ANALYSIS = YES;
				CLANG_WARN_STRICT_PROTOTYPES = YES;
				CLANG_WARN_SUSPICIOUS_MOVE = YES;
				CLANG_WARN_UNGUARDED_AVAILABILITY = YES_AGGRESSIVE;
				CLANG_WARN_UNREACHABLE_CODE = YES;
				CLANG_WARN__DUPLICATE_METHOD_MATCH = YES;
				CODE_SIGN_IDENTITY = "iPhone Developer";
				COPY_PHASE_STRIP = NO;
				DEBUG_INFORMATION_FORMAT = "dwarf-with-dsym";
				ENABLE_NS_ASSERTIONS = NO;
				ENABLE_STRICT_OBJC_MSGSEND = YES;
				GCC_C_LANGUAGE_STANDARD = gnu11;
				GCC_NO_COMMON_BLOCKS = YES;
				GCC_WARN_64_TO_32_BIT_CONVERSION = YES;
				GCC_WARN_ABOUT_RETURN_TYPE = YES_ERROR;
				GCC_WARN_UNDECLARED_SELECTOR = YES;
				GCC_WARN_UNINITIALIZED_AUTOS = YES_AGGRESSIVE;
				GCC_WARN_UNUSED_FUNCTION = YES;
				GCC_WARN_UNUSED_VARIABLE = YES;
				IPHONEOS_DEPLOYMENT_TARGET = 12.2;
				MTL_ENABLE_DEBUG_INFO = NO;
				MTL_FAST_MATH = YES;
				SDKROOT = iphoneos;
				SWIFT_COMPILATION_MODE = wholemodule;
				SWIFT_OPTIMIZATION_LEVEL = "-O";
				VALIDATE_PRODUCT = YES;
			};
			name = Release;
		};
		A9CBE19B22B6719A009A2B5E /* Debug */ = {
			isa = XCBuildConfiguration;
			baseConfigurationReference = 6B624D2F2DA2EFA8736DB82E /* Pods-TravelCost.debug.xcconfig */;
			buildSettings = {
				ASSETCATALOG_COMPILER_APPICON_NAME = AppIcon;
				CODE_SIGN_IDENTITY = "Apple Development";
				CODE_SIGN_STYLE = Automatic;
				DEVELOPMENT_TEAM = H3S663HM33;
				INFOPLIST_FILE = TravelCost/Info.plist;
				IPHONEOS_DEPLOYMENT_TARGET = 11.0;
				LD_RUNPATH_SEARCH_PATHS = (
					"$(inherited)",
					"@executable_path/Frameworks",
				);
				PRODUCT_BUNDLE_IDENTIFIER = me.vikings.TravelCost;
				PRODUCT_NAME = "$(TARGET_NAME)";
				PROVISIONING_PROFILE_SPECIFIER = "";
				SWIFT_VERSION = 5.0;
				TARGETED_DEVICE_FAMILY = "1,2";
			};
			name = Debug;
		};
		A9CBE19C22B6719A009A2B5E /* Release */ = {
			isa = XCBuildConfiguration;
			baseConfigurationReference = A22FE91A5FDD49DDFDEE074C /* Pods-TravelCost.release.xcconfig */;
			buildSettings = {
				ASSETCATALOG_COMPILER_APPICON_NAME = AppIcon;
				CODE_SIGN_IDENTITY = "Apple Development";
				CODE_SIGN_STYLE = Automatic;
				DEVELOPMENT_TEAM = H3S663HM33;
				INFOPLIST_FILE = TravelCost/Info.plist;
				IPHONEOS_DEPLOYMENT_TARGET = 11.0;
				LD_RUNPATH_SEARCH_PATHS = (
					"$(inherited)",
					"@executable_path/Frameworks",
				);
				PRODUCT_BUNDLE_IDENTIFIER = me.vikings.TravelCost;
				PRODUCT_NAME = "$(TARGET_NAME)";
				PROVISIONING_PROFILE_SPECIFIER = "";
				SWIFT_VERSION = 5.0;
				TARGETED_DEVICE_FAMILY = "1,2";
			};
			name = Release;
		};
/* End XCBuildConfiguration section */

/* Begin XCConfigurationList section */
		A9CBE18322B67199009A2B5E /* Build configuration list for PBXProject "TravelCost" */ = {
			isa = XCConfigurationList;
			buildConfigurations = (
				A9CBE19822B6719A009A2B5E /* Debug */,
				A9CBE19922B6719A009A2B5E /* Release */,
			);
			defaultConfigurationIsVisible = 0;
			defaultConfigurationName = Release;
		};
		A9CBE19A22B6719A009A2B5E /* Build configuration list for PBXNativeTarget "TravelCost" */ = {
			isa = XCConfigurationList;
			buildConfigurations = (
				A9CBE19B22B6719A009A2B5E /* Debug */,
				A9CBE19C22B6719A009A2B5E /* Release */,
			);
			defaultConfigurationIsVisible = 0;
			defaultConfigurationName = Release;
		};
/* End XCConfigurationList section */
	};
	rootObject = A9CBE18022B67199009A2B5E /* Project object */;
}
